
Microsoft Visual Studio Solution File, Format Version 11.00
# Visual Studio 2010
Project("{FAE04EC0-301F-11D3-BF4B-00C04F79EFBC}") = "Main", "Main.csproj", "{5938DF7C-8D1A-1354-324D-826F877D73D5}"
EndProject
Project("{FAE04EC0-301F-11D3-BF4B-00C04F79EFBC}") = "PiecePaintD", "PiecePaintD.csproj", "{D412C9D4-03EE-5B5E-E22B-5C379617EE86}"
EndProject
Project("{FAE04EC0-301F-11D3-BF4B-00C04F79EFBC}") = "ChekersD", "ChekersD.csproj", "{E1A8A65E-A4CD-79A0-EDDA-78844BC7C706}"
EndProject
Project("{FAE04EC0-301F-11D3-BF4B-00C04F79EFBC}") = "Assembly-CSharp", "Assembly-CSharp.csproj", "{5B9FF267-005F-A3BF-219E-FEAE2D8C894F}"
EndProject
Project("{FAE04EC0-301F-11D3-BF4B-00C04F79EFBC}") = "Assembly-CSharp-Editor", "Assembly-CSharp-Editor.csproj", "{6CDB4719-1D28-38FF-BF92-A07FF7EAE25F}"
EndProject
Global
	GlobalSection(SolutionConfigurationPlatforms) = preSolution
		Debug|Any CPU = Debug|Any CPU
		Release|Any CPU = Release|Any CPU
	EndGlobalSection
	GlobalSection(ProjectConfigurationPlatforms) = postSolution
		{5938DF7C-8D1A-1354-324D-826F877D73D5}.Debug|Any CPU.ActiveCfg = Debug|Any CPU
		{5938DF7C-8D1A-1354-324D-826F877D73D5}.Debug|Any CPU.Build.0 = Debug|Any CPU
		{5938DF7C-8D1A-1354-324D-826F877D73D5}.Release|Any CPU.ActiveCfg = Release|Any CPU
		{5938DF7C-8D1A-1354-324D-826F877D73D5}.Release|Any CPU.Build.0 = Release|Any CPU
		{D412C9D4-03EE-5B5E-E22B-5C379617EE86}.Debug|Any CPU.ActiveCfg = Debug|Any CPU
		{D412C9D4-03EE-5B5E-E22B-5C379617EE86}.Debug|Any CPU.Build.0 = Debug|Any CPU
		{D412C9D4-03EE-5B5E-E22B-5C379617EE86}.Release|Any CPU.ActiveCfg = Release|Any CPU
		{D412C9D4-03EE-5B5E-E22B-5C379617EE86}.Release|Any CPU.Build.0 = Release|Any CPU
		{E1A8A65E-A4CD-79A0-EDDA-78844BC7C706}.Debug|Any CPU.ActiveCfg = Debug|Any CPU
		{E1A8A65E-A4CD-79A0-EDDA-78844BC7C706}.Debug|Any CPU.Build.0 = Debug|Any CPU
		{E1A8A65E-A4CD-79A0-EDDA-78844BC7C706}.Release|Any CPU.ActiveCfg = Release|Any CPU
		{E1A8A65E-A4CD-79A0-EDDA-78844BC7C706}.Release|Any CPU.Build.0 = Release|Any CPU
		{5B9FF267-005F-A3BF-219E-FEAE2D8C894F}.Debug|Any CPU.ActiveCfg = Debug|Any CPU
		{5B9FF267-005F-A3BF-219E-FEAE2D8C894F}.Debug|Any CPU.Build.0 = Debug|Any CPU
		{5B9FF267-005F-A3BF-219E-FEAE2D8C894F}.Release|Any CPU.ActiveCfg = Release|Any CPU
		{5B9FF267-005F-A3BF-219E-FEAE2D8C894F}.Release|Any CPU.Build.0 = Release|Any CPU
		{6CDB4719-1D28-38FF-BF92-A07FF7EAE25F}.Debug|Any CPU.ActiveCfg = Debug|Any CPU
		{6CDB4719-1D28-38FF-BF92-A07FF7EAE25F}.Debug|Any CPU.Build.0 = Debug|Any CPU
		{6CDB4719-1D28-38FF-BF92-A07FF7EAE25F}.Release|Any CPU.ActiveCfg = Release|Any CPU
		{6CDB4719-1D28-38FF-BF92-A07FF7EAE25F}.Release|Any CPU.Build.0 = Release|Any CPU
	EndGlobalSection
	GlobalSection(SolutionProperties) = preSolution
		HideSolutionNode = FALSE
	EndGlobalSection
	GlobalSection(MonoDevelopProperties) = preSolution
		StartupItem = Assembly-CSharp.csproj
	EndGlobalSection
EndGlobal
